
Microsoft Visual Studio Solution File, Format Version 12.00
# Visual Studio 15
VisualStudioVersion = 15.0.26228.12
MinimumVisualStudioVersion = 10.0.40219.1
Project("{FAE04EC0-301F-11D3-BF4B-00C04F79EFBC}") = "SetSite", "SetSite\SetSite.csproj", "{1BBF165A-545F-401A-8347-63B88EC79610}"
EndProject
Project("{FAE04EC0-301F-11D3-BF4B-00C04F79EFBC}") = "SetSite.Tests", "SetSite.Tests\SetSite.Tests.csproj", "{4CFBCB0D-83AB-4F87-AB78-EE41F65F15D7}"
EndProject
Project("{2150E333-8FDC-42A3-9474-1A3956D46DE8}") = "PublishScripts", "PublishScripts", "{CCEA18E0-7A56-4E8D-89A4-DB57CFE3BB85}"
	ProjectSection(SolutionItems) = preProject
		PublishScripts\AzureWebsitePublishModule.psm1 = PublishScripts\AzureWebsitePublishModule.psm1
		PublishScripts\Publish-WebApplicationWebsite.ps1 = PublishScripts\Publish-WebApplicationWebsite.ps1
	EndProjectSection
EndProject
Project("{2150E333-8FDC-42A3-9474-1A3956D46DE8}") = "Configurations", "Configurations", "{118ABAFD-B4D3-499F-B424-C69A829519D0}"
	ProjectSection(SolutionItems) = preProject
		PublishScripts\Configurations\SetSite-WAWS-dev.json = PublishScripts\Configurations\SetSite-WAWS-dev.json
	EndProjectSection
EndProject
Project("{FAE04EC0-301F-11D3-BF4B-00C04F79EFBC}") = "SetSite.UITests", "SetSite.UITests\SetSite.UITests.csproj", "{6B506FBC-7304-42DB-8AE4-30C8F5218C90}"
EndProject
Project("{FAE04EC0-301F-11D3-BF4B-00C04F79EFBC}") = "SetSite.UIAutomation", "SetSite.UIAutomation\SetSite.UIAutomation.csproj", "{A157D246-CAFE-4497-9208-9E729AE555BE}"
EndProject
Global
	GlobalSection(SolutionConfigurationPlatforms) = preSolution
		Debug|Any CPU = Debug|Any CPU
		Release|Any CPU = Release|Any CPU
	EndGlobalSection
	GlobalSection(ProjectConfigurationPlatforms) = postSolution
		{1BBF165A-545F-401A-8347-63B88EC79610}.Debug|Any CPU.ActiveCfg = Debug|Any CPU
		{1BBF165A-545F-401A-8347-63B88EC79610}.Debug|Any CPU.Build.0 = Debug|Any CPU
		{1BBF165A-545F-401A-8347-63B88EC79610}.Release|Any CPU.ActiveCfg = Release|Any CPU
		{1BBF165A-545F-401A-8347-63B88EC79610}.Release|Any CPU.Build.0 = Release|Any CPU
		{4CFBCB0D-83AB-4F87-AB78-EE41F65F15D7}.Debug|Any CPU.ActiveCfg = Debug|Any CPU
		{4CFBCB0D-83AB-4F87-AB78-EE41F65F15D7}.Debug|Any CPU.Build.0 = Debug|Any CPU
		{4CFBCB0D-83AB-4F87-AB78-EE41F65F15D7}.Release|Any CPU.ActiveCfg = Release|Any CPU
		{4CFBCB0D-83AB-4F87-AB78-EE41F65F15D7}.Release|Any CPU.Build.0 = Release|Any CPU
		{6B506FBC-7304-42DB-8AE4-30C8F5218C90}.Debug|Any CPU.ActiveCfg = Debug|Any CPU
		{6B506FBC-7304-42DB-8AE4-30C8F5218C90}.Debug|Any CPU.Build.0 = Debug|Any CPU
		{6B506FBC-7304-42DB-8AE4-30C8F5218C90}.Release|Any CPU.ActiveCfg = Release|Any CPU
		{6B506FBC-7304-42DB-8AE4-30C8F5218C90}.Release|Any CPU.Build.0 = Release|Any CPU
		{A157D246-CAFE-4497-9208-9E729AE555BE}.Debug|Any CPU.ActiveCfg = Debug|Any CPU
		{A157D246-CAFE-4497-9208-9E729AE555BE}.Debug|Any CPU.Build.0 = Debug|Any CPU
		{A157D246-CAFE-4497-9208-9E729AE555BE}.Release|Any CPU.ActiveCfg = Release|Any CPU
		{A157D246-CAFE-4497-9208-9E729AE555BE}.Release|Any CPU.Build.0 = Release|Any CPU
	EndGlobalSection
	GlobalSection(SolutionProperties) = preSolution
		HideSolutionNode = FALSE
	EndGlobalSection
	GlobalSection(NestedProjects) = preSolution
		{118ABAFD-B4D3-499F-B424-C69A829519D0} = {CCEA18E0-7A56-4E8D-89A4-DB57CFE3BB85}
	EndGlobalSection
EndGlobal
